
Microsoft Visual Studio Solution File, Format Version 12.00
# Visual Studio Version 16
VisualStudioVersion = 16.0.29709.97
MinimumVisualStudioVersion = 10.0.40219.1
Project("{FAE04EC0-301F-11D3-BF4B-00C04F79EFBC}") = "Ziggy's KeyGen", "Ziggy's KeyGen\Ziggy's KeyGen.csproj", "{3B36908B-4FC5-473F-A666-3E94B7903BAE}"
EndProject
Global
	GlobalSection(SolutionConfigurationPlatforms) = preSolution
		Debug|Any CPU = Debug|Any CPU
		Release|Any CPU = Release|Any CPU
	EndGlobalSection
	GlobalSection(ProjectConfigurationPlatforms) = postSolution
		{3B36908B-4FC5-473F-A666-3E94B7903BAE}.Debug|Any CPU.ActiveCfg = Release|Any CPU
		{3B36908B-4FC5-473F-A666-3E94B7903BAE}.Debug|Any CPU.Build.0 = Release|Any CPU
		{3B36908B-4FC5-473F-A666-3E94B7903BAE}.Release|Any CPU.ActiveCfg = Release|Any CPU
		{3B36908B-4FC5-473F-A666-3E94B7903BAE}.Release|Any CPU.Build.0 = Release|Any CPU
	EndGlobalSection
	GlobalSection(SolutionProperties) = preSolution
		HideSolutionNode = FALSE
	EndGlobalSection
	GlobalSection(ExtensibilityGlobals) = postSolution
		SolutionGuid = {5EE5EF21-D6E1-48FE-9016-AFBCF827B372}
	EndGlobalSection
EndGlobal
